
Microsoft Visual Studio Solution File, Format Version 12.00
# Visual Studio 14
VisualStudioVersion = 14.0.24720.0
MinimumVisualStudioVersion = 10.0.40219.1
Project("{8BC9CEB8-8B4A-11D0-8D11-00A0C91BC942}") = "SINYD_SC_PluginMgr", "SINYD_SC_PluginMgr\SINYD_SC_PluginMgr.vcxproj", "{2F91BBE5-4300-4AFB-8832-A2CC1228BFBA}"
	ProjectSection(ProjectDependencies) = postProject
		{A6ADA018-CEF1-4A29-A4AC-53B6923F77D1} = {A6ADA018-CEF1-4A29-A4AC-53B6923F77D1}
		{F7FEA31C-C8D9-4EE2-9497-59537F7A8FAB} = {F7FEA31C-C8D9-4EE2-9497-59537F7A8FAB}
	EndProjectSection
EndProject
Project("{8BC9CEB8-8B4A-11D0-8D11-00A0C91BC942}") = "SINYD_SC_LoadcellPlugin", "SINYD_SC_LoadcellPlugin\SINYD_SC_LoadcellPlugin.vcxproj", "{F7FEA31C-C8D9-4EE2-9497-59537F7A8FAB}"
EndProject
Project("{8BC9CEB8-8B4A-11D0-8D11-00A0C91BC942}") = "SINYD_SC_ValvePlugin", "SINYD_SC_ValvePlugin\SINYD_SC_ValvePlugin.vcxproj", "{A6ADA018-CEF1-4A29-A4AC-53B6923F77D1}"
EndProject
Project("{8BC9CEB8-8B4A-11D0-8D11-00A0C91BC942}") = "SINYD_SC_SettingTool_MFC", "SINYD_SC_SettingTool_MFC\SINYD_SC_SettingTool_MFC.vcxproj", "{E4DD4E32-89D3-47D3-B45C-548D15805D4D}"
EndProject
Project("{8BC9CEB8-8B4A-11D0-8D11-00A0C91BC942}") = "TinyXML2", "TinyXML2\TinyXML2.vcxproj", "{E616B75C-AAB6-43FA-BD31-C8DD9C5B614B}"
EndProject
Project("{8BC9CEB8-8B4A-11D0-8D11-00A0C91BC942}") = "SINYD_SC_CommonUtility", "SINYD_SC_CommonUtility\SINYD_SC_CommonUtility.vcxproj", "{E142C6BB-66CE-4FC5-9CD2-FA7403598244}"
EndProject
Project("{8BC9CEB8-8B4A-11D0-8D11-00A0C91BC942}") = "SINYD_SC_OCR", "SINYD_SC_OCR\SINYD_SC_OCR.vcxproj", "{1D1EC84C-0CEF-4AA2-9817-AC44F420F60F}"
EndProject
Project("{8BC9CEB8-8B4A-11D0-8D11-00A0C91BC942}") = "lib_json", "lib_Json\lib_json.vcxproj", "{1E6C2C1C-6453-4129-AE3F-0EE8E6599C89}"
EndProject
Project("{54435603-DBB4-11D2-8724-00A0C9A8B90C}") = "SINYD_SC_Installer", "SINYD_SC_Installer\SINYD_SC_Installer.vdproj", "{5EF31484-1008-42A4-BED8-F8FF25DDFE76}"
EndProject
Project("{8BC9CEB8-8B4A-11D0-8D11-00A0C91BC942}") = "CppSqlite3", "CppSqlite3\CppSqlite3.vcxproj", "{880E3B3D-B703-42AB-BFA7-F5281B24929F}"
EndProject
Project("{8BC9CEB8-8B4A-11D0-8D11-00A0C91BC942}") = "SINYD_DBModule", "SINYD_DBModule\SINYD_DBModule.vcxproj", "{01DA9F25-4D35-4056-B986-021D43A88D31}"
EndProject
Project("{8BC9CEB8-8B4A-11D0-8D11-00A0C91BC942}") = "TestDBModule", "TestDBModule\TestDBModule.vcxproj", "{A929DD83-D754-4F40-9159-C453E5C71913}"
EndProject
Project("{8BC9CEB8-8B4A-11D0-8D11-00A0C91BC942}") = "SINYD_DataTransfer", "SINYD_DataTransfer\SINYD_DataTransfer.vcxproj", "{FE91DA69-9FDF-40D4-96D0-68FC3F41DEAA}"
EndProject
Project("{8BC9CEB8-8B4A-11D0-8D11-00A0C91BC942}") = "SINYD_Measure", "SINYD_Measure\SINYD_Measure.vcxproj", "{11127271-DABA-4D12-9E15-C7F602D70CD1}"
EndProject
Project("{8BC9CEB8-8B4A-11D0-8D11-00A0C91BC942}") = "SINYD_SC_CoreApp", "SINYD_SC_CoreApp\SINYD_SC_CoreApp.vcxproj", "{7EDE2B31-857A-4913-9C46-57BE2B368844}"
EndProject
Project("{8BC9CEB8-8B4A-11D0-8D11-00A0C91BC942}") = "SINYD_SC_AppManager", "SINYD_SC_AppManager\SINYD_SC_AppManager.vcxproj", "{BB5574BF-A202-490A-A3E9-E9B568458F9E}"
EndProject
Project("{8BC9CEB8-8B4A-11D0-8D11-00A0C91BC942}") = "DigitTemplateTool", "DigitTemplateTool\DigitTemplateTool.vcxproj", "{1632C267-98F5-4372-9D6C-9F53C5228E1F}"
EndProject
Project("{8BC9CEB8-8B4A-11D0-8D11-00A0C91BC942}") = "SINYD_SC_Crypt", "SINYD_SC_Crypt\SINYD_SC_Crypt.vcxproj", "{92C75F50-8909-47A8-A798-B9A081CD8C4E}"
EndProject
Project("{8BC9CEB8-8B4A-11D0-8D11-00A0C91BC942}") = "SINYD_SC_keyGen", "SINYD_SC_keyGen\SINYD_SC_keyGen.vcxproj", "{62736C26-9D7C-4209-BE33-2255C6ACAD7C}"
EndProject
Project("{8BC9CEB8-8B4A-11D0-8D11-00A0C91BC942}") = "SINYD_SC_Register", "SINYD_SC_Register\SINYD_SC_Register.vcxproj", "{FD4114DA-0391-448E-9714-C8947437028B}"
EndProject
Project("{8BC9CEB8-8B4A-11D0-8D11-00A0C91BC942}") = "SINYD_SC_RemoteScreenCapture", "SINYD_SC_RemoteScreenCapture\SINYD_SC_RemoteScreenCapture.vcxproj", "{68F81C44-F3DE-4B24-BF3C-56514EDD8E06}"
EndProject
Global
	GlobalSection(SolutionConfigurationPlatforms) = preSolution
		Debug|x64 = Debug|x64
		Debug|x86 = Debug|x86
		Release|x64 = Release|x64
		Release|x86 = Release|x86
	EndGlobalSection
	GlobalSection(ProjectConfigurationPlatforms) = postSolution
		{2F91BBE5-4300-4AFB-8832-A2CC1228BFBA}.Debug|x64.ActiveCfg = Debug|x64
		{2F91BBE5-4300-4AFB-8832-A2CC1228BFBA}.Debug|x64.Build.0 = Debug|x64
		{2F91BBE5-4300-4AFB-8832-A2CC1228BFBA}.Debug|x86.ActiveCfg = Debug|Win32
		{2F91BBE5-4300-4AFB-8832-A2CC1228BFBA}.Debug|x86.Build.0 = Debug|Win32
		{2F91BBE5-4300-4AFB-8832-A2CC1228BFBA}.Release|x64.ActiveCfg = Release|x64
		{2F91BBE5-4300-4AFB-8832-A2CC1228BFBA}.Release|x64.Build.0 = Release|x64
		{2F91BBE5-4300-4AFB-8832-A2CC1228BFBA}.Release|x86.ActiveCfg = Release|Win32
		{2F91BBE5-4300-4AFB-8832-A2CC1228BFBA}.Release|x86.Build.0 = Release|Win32
		{F7FEA31C-C8D9-4EE2-9497-59537F7A8FAB}.Debug|x64.ActiveCfg = Debug|x64
		{F7FEA31C-C8D9-4EE2-9497-59537F7A8FAB}.Debug|x64.Build.0 = Debug|x64
		{F7FEA31C-C8D9-4EE2-9497-59537F7A8FAB}.Debug|x86.ActiveCfg = Debug|Win32
		{F7FEA31C-C8D9-4EE2-9497-59537F7A8FAB}.Debug|x86.Build.0 = Debug|Win32
		{F7FEA31C-C8D9-4EE2-9497-59537F7A8FAB}.Release|x64.ActiveCfg = Release|x64
		{F7FEA31C-C8D9-4EE2-9497-59537F7A8FAB}.Release|x64.Build.0 = Release|x64
		{F7FEA31C-C8D9-4EE2-9497-59537F7A8FAB}.Release|x86.ActiveCfg = Release|Win32
		{F7FEA31C-C8D9-4EE2-9497-59537F7A8FAB}.Release|x86.Build.0 = Release|Win32
		{A6ADA018-CEF1-4A29-A4AC-53B6923F77D1}.Debug|x64.ActiveCfg = Debug|x64
		{A6ADA018-CEF1-4A29-A4AC-53B6923F77D1}.Debug|x64.Build.0 = Debug|x64
		{A6ADA018-CEF1-4A29-A4AC-53B6923F77D1}.Debug|x86.ActiveCfg = Debug|Win32
		{A6ADA018-CEF1-4A29-A4AC-53B6923F77D1}.Debug|x86.Build.0 = Debug|Win32
		{A6ADA018-CEF1-4A29-A4AC-53B6923F77D1}.Release|x64.ActiveCfg = Release|x64
		{A6ADA018-CEF1-4A29-A4AC-53B6923F77D1}.Release|x64.Build.0 = Release|x64
		{A6ADA018-CEF1-4A29-A4AC-53B6923F77D1}.Release|x86.ActiveCfg = Release|Win32
		{A6ADA018-CEF1-4A29-A4AC-53B6923F77D1}.Release|x86.Build.0 = Release|Win32
		{E4DD4E32-89D3-47D3-B45C-548D15805D4D}.Debug|x64.ActiveCfg = Debug|x64
		{E4DD4E32-89D3-47D3-B45C-548D15805D4D}.Debug|x64.Build.0 = Debug|x64
		{E4DD4E32-89D3-47D3-B45C-548D15805D4D}.Debug|x86.ActiveCfg = Debug|Win32
		{E4DD4E32-89D3-47D3-B45C-548D15805D4D}.Debug|x86.Build.0 = Debug|Win32
		{E4DD4E32-89D3-47D3-B45C-548D15805D4D}.Release|x64.ActiveCfg = Release|x64
		{E4DD4E32-89D3-47D3-B45C-548D15805D4D}.Release|x64.Build.0 = Release|x64
		{E4DD4E32-89D3-47D3-B45C-548D15805D4D}.Release|x86.ActiveCfg = Release|Win32
		{E4DD4E32-89D3-47D3-B45C-548D15805D4D}.Release|x86.Build.0 = Release|Win32
		{E616B75C-AAB6-43FA-BD31-C8DD9C5B614B}.Debug|x64.ActiveCfg = Debug|x64
		{E616B75C-AAB6-43FA-BD31-C8DD9C5B614B}.Debug|x64.Build.0 = Debug|x64
		{E616B75C-AAB6-43FA-BD31-C8DD9C5B614B}.Debug|x86.ActiveCfg = Debug|Win32
		{E616B75C-AAB6-43FA-BD31-C8DD9C5B614B}.Debug|x86.Build.0 = Debug|Win32
		{E616B75C-AAB6-43FA-BD31-C8DD9C5B614B}.Release|x64.ActiveCfg = Release|x64
		{E616B75C-AAB6-43FA-BD31-C8DD9C5B614B}.Release|x64.Build.0 = Release|x64
		{E616B75C-AAB6-43FA-BD31-C8DD9C5B614B}.Release|x86.ActiveCfg = Release|Win32
		{E616B75C-AAB6-43FA-BD31-C8DD9C5B614B}.Release|x86.Build.0 = Release|Win32
		{E142C6BB-66CE-4FC5-9CD2-FA7403598244}.Debug|x64.ActiveCfg = Debug|x64
		{E142C6BB-66CE-4FC5-9CD2-FA7403598244}.Debug|x64.Build.0 = Debug|x64
		{E142C6BB-66CE-4FC5-9CD2-FA7403598244}.Debug|x86.ActiveCfg = Debug|Win32
		{E142C6BB-66CE-4FC5-9CD2-FA7403598244}.Debug|x86.Build.0 = Debug|Win32
		{E142C6BB-66CE-4FC5-9CD2-FA7403598244}.Release|x64.ActiveCfg = Release|x64
		{E142C6BB-66CE-4FC5-9CD2-FA7403598244}.Release|x64.Build.0 = Release|x64
		{E142C6BB-66CE-4FC5-9CD2-FA7403598244}.Release|x86.ActiveCfg = Release|Win32
		{E142C6BB-66CE-4FC5-9CD2-FA7403598244}.Release|x86.Build.0 = Release|Win32
		{1D1EC84C-0CEF-4AA2-9817-AC44F420F60F}.Debug|x64.ActiveCfg = Debug|x64
		{1D1EC84C-0CEF-4AA2-9817-AC44F420F60F}.Debug|x64.Build.0 = Debug|x64
		{1D1EC84C-0CEF-4AA2-9817-AC44F420F60F}.Debug|x86.ActiveCfg = Debug|Win32
		{1D1EC84C-0CEF-4AA2-9817-AC44F420F60F}.Debug|x86.Build.0 = Debug|Win32
		{1D1EC84C-0CEF-4AA2-9817-AC44F420F60F}.Release|x64.ActiveCfg = Release|x64
		{1D1EC84C-0CEF-4AA2-9817-AC44F420F60F}.Release|x64.Build.0 = Release|x64
		{1D1EC84C-0CEF-4AA2-9817-AC44F420F60F}.Release|x86.ActiveCfg = Release|Win32
		{1D1EC84C-0CEF-4AA2-9817-AC44F420F60F}.Release|x86.Build.0 = Release|Win32
		{1E6C2C1C-6453-4129-AE3F-0EE8E6599C89}.Debug|x64.ActiveCfg = Debug|x64
		{1E6C2C1C-6453-4129-AE3F-0EE8E6599C89}.Debug|x64.Build.0 = Debug|x64
		{1E6C2C1C-6453-4129-AE3F-0EE8E6599C89}.Debug|x86.ActiveCfg = Debug|Win32
		{1E6C2C1C-6453-4129-AE3F-0EE8E6599C89}.Debug|x86.Build.0 = Debug|Win32
		{1E6C2C1C-6453-4129-AE3F-0EE8E6599C89}.Release|x64.ActiveCfg = Release|x64
		{1E6C2C1C-6453-4129-AE3F-0EE8E6599C89}.Release|x64.Build.0 = Release|x64
		{1E6C2C1C-6453-4129-AE3F-0EE8E6599C89}.Release|x86.ActiveCfg = Release|Win32
		{1E6C2C1C-6453-4129-AE3F-0EE8E6599C89}.Release|x86.Build.0 = Release|Win32
		{5EF31484-1008-42A4-BED8-F8FF25DDFE76}.Debug|x64.ActiveCfg = Debug
		{5EF31484-1008-42A4-BED8-F8FF25DDFE76}.Debug|x86.ActiveCfg = Debug
		{5EF31484-1008-42A4-BED8-F8FF25DDFE76}.Release|x64.ActiveCfg = Release
		{5EF31484-1008-42A4-BED8-F8FF25DDFE76}.Release|x86.ActiveCfg = Release
		{880E3B3D-B703-42AB-BFA7-F5281B24929F}.Debug|x64.ActiveCfg = Debug|x64
		{880E3B3D-B703-42AB-BFA7-F5281B24929F}.Debug|x64.Build.0 = Debug|x64
		{880E3B3D-B703-42AB-BFA7-F5281B24929F}.Debug|x86.ActiveCfg = Debug|Win32
		{880E3B3D-B703-42AB-BFA7-F5281B24929F}.Debug|x86.Build.0 = Debug|Win32
		{880E3B3D-B703-42AB-BFA7-F5281B24929F}.Release|x64.ActiveCfg = Release|x64
		{880E3B3D-B703-42AB-BFA7-F5281B24929F}.Release|x64.Build.0 = Release|x64
		{880E3B3D-B703-42AB-BFA7-F5281B24929F}.Release|x86.ActiveCfg = Release|Win32
		{880E3B3D-B703-42AB-BFA7-F5281B24929F}.Release|x86.Build.0 = Release|Win32
		{01DA9F25-4D35-4056-B986-021D43A88D31}.Debug|x64.ActiveCfg = Debug|x64
		{01DA9F25-4D35-4056-B986-021D43A88D31}.Debug|x64.Build.0 = Debug|x64
		{01DA9F25-4D35-4056-B986-021D43A88D31}.Debug|x86.ActiveCfg = Debug|Win32
		{01DA9F25-4D35-4056-B986-021D43A88D31}.Debug|x86.Build.0 = Debug|Win32
		{01DA9F25-4D35-4056-B986-021D43A88D31}.Release|x64.ActiveCfg = Release|x64
		{01DA9F25-4D35-4056-B986-021D43A88D31}.Release|x64.Build.0 = Release|x64
		{01DA9F25-4D35-4056-B986-021D43A88D31}.Release|x86.ActiveCfg = Release|Win32
		{01DA9F25-4D35-4056-B986-021D43A88D31}.Release|x86.Build.0 = Release|Win32
		{A929DD83-D754-4F40-9159-C453E5C71913}.Debug|x64.ActiveCfg = Debug|x64
		{A929DD83-D754-4F40-9159-C453E5C71913}.Debug|x64.Build.0 = Debug|x64
		{A929DD83-D754-4F40-9159-C453E5C71913}.Debug|x86.ActiveCfg = Debug|Win32
		{A929DD83-D754-4F40-9159-C453E5C71913}.Debug|x86.Build.0 = Debug|Win32
		{A929DD83-D754-4F40-9159-C453E5C71913}.Release|x64.ActiveCfg = Release|x64
		{A929DD83-D754-4F40-9159-C453E5C71913}.Release|x64.Build.0 = Release|x64
		{A929DD83-D754-4F40-9159-C453E5C71913}.Release|x86.ActiveCfg = Release|Win32
		{A929DD83-D754-4F40-9159-C453E5C71913}.Release|x86.Build.0 = Release|Win32
		{FE91DA69-9FDF-40D4-96D0-68FC3F41DEAA}.Debug|x64.ActiveCfg = Debug|x64
		{FE91DA69-9FDF-40D4-96D0-68FC3F41DEAA}.Debug|x64.Build.0 = Debug|x64
		{FE91DA69-9FDF-40D4-96D0-68FC3F41DEAA}.Debug|x86.ActiveCfg = Debug|Win32
		{FE91DA69-9FDF-40D4-96D0-68FC3F41DEAA}.Debug|x86.Build.0 = Debug|Win32
		{FE91DA69-9FDF-40D4-96D0-68FC3F41DEAA}.Release|x64.ActiveCfg = Release|x64
		{FE91DA69-9FDF-40D4-96D0-68FC3F41DEAA}.Release|x64.Build.0 = Release|x64
		{FE91DA69-9FDF-40D4-96D0-68FC3F41DEAA}.Release|x86.ActiveCfg = Release|Win32
		{FE91DA69-9FDF-40D4-96D0-68FC3F41DEAA}.Release|x86.Build.0 = Release|Win32
		{11127271-DABA-4D12-9E15-C7F602D70CD1}.Debug|x64.ActiveCfg = Debug|x64
		{11127271-DABA-4D12-9E15-C7F602D70CD1}.Debug|x64.Build.0 = Debug|x64
		{11127271-DABA-4D12-9E15-C7F602D70CD1}.Debug|x86.ActiveCfg = Debug|Win32
		{11127271-DABA-4D12-9E15-C7F602D70CD1}.Debug|x86.Build.0 = Debug|Win32
		{11127271-DABA-4D12-9E15-C7F602D70CD1}.Release|x64.ActiveCfg = Release|x64
		{11127271-DABA-4D12-9E15-C7F602D70CD1}.Release|x64.Build.0 = Release|x64
		{11127271-DABA-4D12-9E15-C7F602D70CD1}.Release|x86.ActiveCfg = Release|Win32
		{11127271-DABA-4D12-9E15-C7F602D70CD1}.Release|x86.Build.0 = Release|Win32
		{7EDE2B31-857A-4913-9C46-57BE2B368844}.Debug|x64.ActiveCfg = Debug|x64
		{7EDE2B31-857A-4913-9C46-57BE2B368844}.Debug|x64.Build.0 = Debug|x64
		{7EDE2B31-857A-4913-9C46-57BE2B368844}.Debug|x86.ActiveCfg = Debug|Win32
		{7EDE2B31-857A-4913-9C46-57BE2B368844}.Debug|x86.Build.0 = Debug|Win32
		{7EDE2B31-857A-4913-9C46-57BE2B368844}.Release|x64.ActiveCfg = Release|x64
		{7EDE2B31-857A-4913-9C46-57BE2B368844}.Release|x64.Build.0 = Release|x64
		{7EDE2B31-857A-4913-9C46-57BE2B368844}.Release|x86.ActiveCfg = Release|Win32
		{7EDE2B31-857A-4913-9C46-57BE2B368844}.Release|x86.Build.0 = Release|Win32
		{BB5574BF-A202-490A-A3E9-E9B568458F9E}.Debug|x64.ActiveCfg = Debug|x64
		{BB5574BF-A202-490A-A3E9-E9B568458F9E}.Debug|x64.Build.0 = Debug|x64
		{BB5574BF-A202-490A-A3E9-E9B568458F9E}.Debug|x86.ActiveCfg = Debug|Win32
		{BB5574BF-A202-490A-A3E9-E9B568458F9E}.Debug|x86.Build.0 = Debug|Win32
		{BB5574BF-A202-490A-A3E9-E9B568458F9E}.Release|x64.ActiveCfg = Release|x64
		{BB5574BF-A202-490A-A3E9-E9B568458F9E}.Release|x64.Build.0 = Release|x64
		{BB5574BF-A202-490A-A3E9-E9B568458F9E}.Release|x86.ActiveCfg = Release|Win32
		{BB5574BF-A202-490A-A3E9-E9B568458F9E}.Release|x86.Build.0 = Release|Win32
		{1632C267-98F5-4372-9D6C-9F53C5228E1F}.Debug|x64.ActiveCfg = Debug|x64
		{1632C267-98F5-4372-9D6C-9F53C5228E1F}.Debug|x64.Build.0 = Debug|x64
		{1632C267-98F5-4372-9D6C-9F53C5228E1F}.Debug|x86.ActiveCfg = Debug|Win32
		{1632C267-98F5-4372-9D6C-9F53C5228E1F}.Debug|x86.Build.0 = Debug|Win32
		{1632C267-98F5-4372-9D6C-9F53C5228E1F}.Release|x64.ActiveCfg = Release|x64
		{1632C267-98F5-4372-9D6C-9F53C5228E1F}.Release|x64.Build.0 = Release|x64
		{1632C267-98F5-4372-9D6C-9F53C5228E1F}.Release|x86.ActiveCfg = Release|Win32
		{1632C267-98F5-4372-9D6C-9F53C5228E1F}.Release|x86.Build.0 = Release|Win32
		{92C75F50-8909-47A8-A798-B9A081CD8C4E}.Debug|x64.ActiveCfg = Debug|x64
		{92C75F50-8909-47A8-A798-B9A081CD8C4E}.Debug|x64.Build.0 = Debug|x64
		{92C75F50-8909-47A8-A798-B9A081CD8C4E}.Debug|x86.ActiveCfg = Debug|Win32
		{92C75F50-8909-47A8-A798-B9A081CD8C4E}.Debug|x86.Build.0 = Debug|Win32
		{92C75F50-8909-47A8-A798-B9A081CD8C4E}.Release|x64.ActiveCfg = Release|x64
		{92C75F50-8909-47A8-A798-B9A081CD8C4E}.Release|x64.Build.0 = Release|x64
		{92C75F50-8909-47A8-A798-B9A081CD8C4E}.Release|x86.ActiveCfg = Release|Win32
		{92C75F50-8909-47A8-A798-B9A081CD8C4E}.Release|x86.Build.0 = Release|Win32
		{62736C26-9D7C-4209-BE33-2255C6ACAD7C}.Debug|x64.ActiveCfg = Debug|x64
		{62736C26-9D7C-4209-BE33-2255C6ACAD7C}.Debug|x64.Build.0 = Debug|x64
		{62736C26-9D7C-4209-BE33-2255C6ACAD7C}.Debug|x86.ActiveCfg = Debug|Win32
		{62736C26-9D7C-4209-BE33-2255C6ACAD7C}.Debug|x86.Build.0 = Debug|Win32
		{62736C26-9D7C-4209-BE33-2255C6ACAD7C}.Release|x64.ActiveCfg = Release|x64
		{62736C26-9D7C-4209-BE33-2255C6ACAD7C}.Release|x64.Build.0 = Release|x64
		{62736C26-9D7C-4209-BE33-2255C6ACAD7C}.Release|x86.ActiveCfg = Release|Win32
		{62736C26-9D7C-4209-BE33-2255C6ACAD7C}.Release|x86.Build.0 = Release|Win32
		{FD4114DA-0391-448E-9714-C8947437028B}.Debug|x64.ActiveCfg = Debug|x64
		{FD4114DA-0391-448E-9714-C8947437028B}.Debug|x64.Build.0 = Debug|x64
		{FD4114DA-0391-448E-9714-C8947437028B}.Debug|x86.ActiveCfg = Debug|Win32
		{FD4114DA-0391-448E-9714-C8947437028B}.Debug|x86.Build.0 = Debug|Win32
		{FD4114DA-0391-448E-9714-C8947437028B}.Release|x64.ActiveCfg = Release|x64
		{FD4114DA-0391-448E-9714-C8947437028B}.Release|x64.Build.0 = Release|x64
		{FD4114DA-0391-448E-9714-C8947437028B}.Release|x86.ActiveCfg = Release|Win32
		{FD4114DA-0391-448E-9714-C8947437028B}.Release|x86.Build.0 = Release|Win32
		{68F81C44-F3DE-4B24-BF3C-56514EDD8E06}.Debug|x64.ActiveCfg = Debug|x64
		{68F81C44-F3DE-4B24-BF3C-56514EDD8E06}.Debug|x64.Build.0 = Debug|x64
		{68F81C44-F3DE-4B24-BF3C-56514EDD8E06}.Debug|x86.ActiveCfg = Debug|Win32
		{68F81C44-F3DE-4B24-BF3C-56514EDD8E06}.Debug|x86.Build.0 = Debug|Win32
		{68F81C44-F3DE-4B24-BF3C-56514EDD8E06}.Release|x64.ActiveCfg = Release|x64
		{68F81C44-F3DE-4B24-BF3C-56514EDD8E06}.Release|x64.Build.0 = Release|x64
		{68F81C44-F3DE-4B24-BF3C-56514EDD8E06}.Release|x86.ActiveCfg = Release|Win32
		{68F81C44-F3DE-4B24-BF3C-56514EDD8E06}.Release|x86.Build.0 = Release|Win32
	EndGlobalSection
	GlobalSection(SolutionProperties) = preSolution
		HideSolutionNode = FALSE
	EndGlobalSection
EndGlobal
